// !$*UTF8*$!
{
	archiveVersion = 1;
	classes = {
	};
	objectVersion = 46;
	objects = {

/* Begin PBXBuildFile section */
		29A616841C2AE3560096527D /* main.m in Sources */ = {isa = PBXBuildFile; fileRef = 29A616831C2AE3560096527D /* main.m */; };
		29A616871C2AE3560096527D /* AppDelegate.m in Sources */ = {isa = PBXBuildFile; fileRef = 29A616861C2AE3560096527D /* AppDelegate.m */; };
		29A6168A1C2AE3560096527D /* ViewController.m in Sources */ = {isa = PBXBuildFile; fileRef = 29A616891C2AE3560096527D /* ViewController.m */; };
		29A6168D1C2AE3560096527D /* Main.storyboard in Resources */ = {isa = PBXBuildFile; fileRef = 29A6168B1C2AE3560096527D /* Main.storyboard */; };
		29A6168F1C2AE3560096527D /* Images.xcassets in Resources */ = {isa = PBXBuildFile; fileRef = 29A6168E1C2AE3560096527D /* Images.xcassets */; };
		29A616921C2AE3560096527D /* LaunchScreen.xib in Resources */ = {isa = PBXBuildFile; fileRef = 29A616901C2AE3560096527D /* LaunchScreen.xib */; };
		29A6169E1C2AE3560096527D /* StoryboardTests.m in Sources */ = {isa = PBXBuildFile; fileRef = 29A6169D1C2AE3560096527D /* StoryboardTests.m */; };
/* End PBXBuildFile section */

/* Begin PBXContainerItemProxy section */
		29A616981C2AE3560096527D /* PBXContainerItemProxy */ = {
			isa = PBXContainerItemProxy;
			containerPortal = 29A616761C2AE3560096527D /* Project object */;
			proxyType = 1;
			remoteGlobalIDString = 29A6167D1C2AE3560096527D;
			remoteInfo = Storyboard;
		};
/* End PBXContainerItemProxy section */

/* Begin PBXFileReference section */
		29A6167E1C2AE3560096527D /* Storyboard.app */ = {isa = PBXFileReference; explicitFileType = wrapper.application; includeInIndex = 0; path = Storyboard.app; sourceTree = BUILT_PRODUCTS_DIR; };
		29A616821C2AE3560096527D /* Info.plist */ = {isa = PBXFileReference; lastKnownFileType = text.plist.xml; path = Info.plist; sourceTree = "<group>"; };
		29A616831C2AE3560096527D /* main.m */ = {isa = PBXFileReference; lastKnownFileType = sourcecode.c.objc; path = main.m; sourceTree = "<group>"; };
		29A616851C2AE3560096527D /* AppDelegate.h */ = {isa = PBXFileReference; lastKnownFileType = sourcecode.c.h; path = AppDelegate.h; sourceTree = "<group>"; };
		29A616861C2AE3560096527D /* AppDelegate.m */ = {isa = PBXFileReference; lastKnownFileType = sourcecode.c.objc; path = AppDelegate.m; sourceTree = "<group>"; };
		29A616881C2AE3560096527D /* ViewController.h */ = {isa = PBXFileReference; lastKnownFileType = sourcecode.c.h; path = ViewController.h; sourceTree = "<group>"; };
		29A616891C2AE3560096527D /* ViewController.m */ = {isa = PBXFileReference; lastKnownFileType = sourcecode.c.objc; path = ViewController.m; sourceTree = "<group>"; };
		29A6168C1C2AE3560096527D /* Base */ = {isa = PBXFileReference; lastKnownFileType = file.storyboard; name = Base; path = Base.lproj/Main.storyboard; sourceTree = "<group>"; };
		29A6168E1C2AE3560096527D /* Images.xcassets */ = {isa = PBXFileReference; lastKnownFileType = folder.assetcatalog; path = Images.xcassets; sourceTree = "<group>"; };
		29A616911C2AE3560096527D /* Base */ = {isa = PBXFileReference; lastKnownFileType = file.xib; name = Base; path = Base.lproj/LaunchScreen.xib; sourceTree = "<group>"; };
		29A616971C2AE3560096527D /* StoryboardTests.xctest */ = {isa = PBXFileReference; explicitFileType = wrapper.cfbundle; includeInIndex = 0; path = StoryboardTests.xctest; sourceTree = BUILT_PRODUCTS_DIR; };
		29A6169C1C2AE3560096527D /* Info.plist */ = {isa = PBXFileReference; lastKnownFileType = text.plist.xml; path = Info.plist; sourceTree = "<group>"; };
		29A6169D1C2AE3560096527D /* StoryboardTests.m */ = {isa = PBXFileReference; lastKnownFileType = sourcecode.c.objc; path = StoryboardTests.m; sourceTree = "<group>"; };
/* End PBXFileReference section */

/* Begin PBXFrameworksBuildPhase section */
		29A6167B1C2AE3560096527D /* Frameworks */ = {
			isa = PBXFrameworksBuildPhase;
			buildActionMask = 2147483647;
			files = (
			);
			runOnlyForDeploymentPostprocessing = 0;
		};
		29A616941C2AE3560096527D /* Frameworks */ = {
			isa = PBXFrameworksBuildPhase;
			buildActionMask = 2147483647;
			files = (
			);
			runOnlyForDeploymentPostprocessing = 0;
		};
/* End PBXFrameworksBuildPhase section */

/* Begin PBXGroup section */
		29A616751C2AE3560096527D = {
			isa = PBXGroup;
			children = (
				29A616801C2AE3560096527D /* Storyboard */,
				29A6169A1C2AE3560096527D /* StoryboardTests */,
				29A6167F1C2AE3560096527D /* Products */,
			);
			sourceTree = "<group>";
		};
		29A6167F1C2AE3560096527D /* Products */ = {
			isa = PBXGroup;
			children = (
				29A6167E1C2AE3560096527D /* Storyboard.app */,
				29A616971C2AE3560096527D /* StoryboardTests.xctest */,
			);
			name = Products;
			sourceTree = "<group>";
		};
		29A616801C2AE3560096527D /* Storyboard */ = {
			isa = PBXGroup;
			children = (
				29A616851C2AE3560096527D /* AppDelegate.h */,
				29A616861C2AE3560096527D /* AppDelegate.m */,
				29A616881C2AE3560096527D /* ViewController.h */,
				29A616891C2AE3560096527D /* ViewController.m */,
				29A6168B1C2AE3560096527D /* Main.storyboard */,
				29A6168E1C2AE3560096527D /* Images.xcassets */,
				29A616901C2AE3560096527D /* LaunchScreen.xib */,
				29A616811C2AE3560096527D /* Supporting Files */,
			);
			path = Storyboard;
			sourceTree = "<group>";
		};
		29A616811C2AE3560096527D /* Supporting Files */ = {
			isa = PBXGroup;
			children = (
				29A616821C2AE3560096527D /* Info.plist */,
				29A616831C2AE3560096527D /* main.m */,
			);
			name = "Supporting Files";
			sourceTree = "<group>";
		};
		29A6169A1C2AE3560096527D /* StoryboardTests */ = {
			isa = PBXGroup;
			children = (
				29A6169D1C2AE3560096527D /* StoryboardTests.m */,
				29A6169B1C2AE3560096527D /* Supporting Files */,
			);
			path = StoryboardTests;
			sourceTree = "<group>";
		};
		29A6169B1C2AE3560096527D /* Supporting Files */ = {
			isa = PBXGroup;
			children = (
				29A6169C1C2AE3560096527D /* Info.plist */,
			);
			name = "Supporting Files";
			sourceTree = "<group>";
		};
/* End PBXGroup section */

/* Begin PBXNativeTarget section */
		29A6167D1C2AE3560096527D /* Storyboard */ = {
			isa = PBXNativeTarget;
			buildConfigurationList = 29A616A11C2AE3560096527D /* Build configuration list for PBXNativeTarget "Storyboard" */;
			buildPhases = (
				29A6167A1C2AE3560096527D /* Sources */,
				29A6167B1C2AE3560096527D /* Frameworks */,
				29A6167C1C2AE3560096527D /* Resources */,
			);
			buildRules = (
			);
			dependencies = (
			);
			name = Storyboard;
			productName = Storyboard;
			productReference = 29A6167E1C2AE3560096527D /* Storyboard.app */;
			productType = "com.apple.product-type.application";
		};
		29A616961C2AE3560096527D /* StoryboardTests */ = {
			isa = PBXNativeTarget;
			buildConfigurationList = 29A616A41C2AE3560096527D /* Build configuration list for PBXNativeTarget "StoryboardTests" */;
			buildPhases = (
				29A616931C2AE3560096527D /* Sources */,
				29A616941C2AE3560096527D /* Frameworks */,
				29A616951C2AE3560096527D /* Resources */,
			);
			buildRules = (
			);
			dependencies = (
				29A616991C2AE3560096527D /* PBXTargetDependency */,
			);
			name = StoryboardTests;
			productName = StoryboardTests;
			productReference = 29A616971C2AE3560096527D /* StoryboardTests.xctest */;
			productType = "com.apple.product-type.bundle.unit-test";
		};
/* End PBXNativeTarget section */

/* Begin PBXProject section */
		29A616761C2AE3560096527D /* Project object */ = {
			isa = PBXProject;
			attributes = {
				LastUpgradeCheck = 0610;
				ORGANIZATIONNAME = Robco;
				TargetAttributes = {
					29A6167D1C2AE3560096527D = {
						CreatedOnToolsVersion = 6.1.1;
					};
					29A616961C2AE3560096527D = {
						CreatedOnToolsVersion = 6.1.1;
						TestTargetID = 29A6167D1C2AE3560096527D;
					};
				};
			};
			buildConfigurationList = 29A616791C2AE3560096527D /* Build configuration list for PBXProject "Storyboard" */;
			compatibilityVersion = "Xcode 3.2";
			developmentRegion = English;
			hasScannedForEncodings = 0;
			knownRegions = (
				en,
				Base,
			);
			mainGroup = 29A616751C2AE3560096527D;
			productRefGroup = 29A6167F1C2AE3560096527D /* Products */;
			projectDirPath = "";
			projectRoot = "";
			targets = (
				29A6167D1C2AE3560096527D /* Storyboard */,
				29A616961C2AE3560096527D /* StoryboardTests */,
			);
		};
/* End PBXProject section */

/* Begin PBXResourcesBuildPhase section */
		29A6167C1C2AE3560096527D /* Resources */ = {
			isa = PBXResourcesBuildPhase;
			buildActionMask = 2147483647;
			files = (
				29A6168D1C2AE3560096527D /* Main.storyboard in Resources */,
				29A616921C2AE3560096527D /* LaunchScreen.xib in Resources */,
				29A6168F1C2AE3560096527D /* Images.xcassets in Resources */,
			);
			runOnlyForDeploymentPostprocessing = 0;
		};
		29A616951C2AE3560096527D /* Resources */ = {
			isa = PBXResourcesBuildPhase;
			buildActionMask = 2147483647;
			files = (
			);
			runOnlyForDeploymentPostprocessing = 0;
		};
/* End PBXResourcesBuildPhase section */

/* Begin PBXSourcesBuildPhase section */
		29A6167A1C2AE3560096527D /* Sources */ = {
			isa = PBXSourcesBuildPhase;
			buildActionMask = 2147483647;
			files = (
				29A6168A1C2AE3560096527D /* ViewController.m in Sources */,
				29A616871C2AE3560096527D /* AppDelegate.m in Sources */,
				29A616841C2AE3560096527D /* main.m in Sources */,
			);
			runOnlyForDeploymentPostprocessing = 0;
		};
		29A616931C2AE3560096527D /* Sources */ = {
			isa = PBXSourcesBuildPhase;
			buildActionMask = 2147483647;
			files = (
				29A6169E1C2AE3560096527D /* StoryboardTests.m in Sources */,
			);
			runOnlyForDeploymentPostprocessing = 0;
		};
/* End PBXSourcesBuildPhase section */

/* Begin PBXTargetDependency section */
		29A616991C2AE3560096527D /* PBXTargetDependency */ = {
			isa = PBXTargetDependency;
			target = 29A6167D1C2AE3560096527D /* Storyboard */;
			targetProxy = 29A616981C2AE3560096527D /* PBXContainerItemProxy */;
		};
/* End PBXTargetDependency section */

/* Begin PBXVariantGroup section */
		29A6168B1C2AE3560096527D /* Main.storyboard */ = {
			isa = PBXVariantGroup;
			children = (
				29A6168C1C2AE3560096527D /* Base */,
			);
			name = Main.storyboard;
			sourceTree = "<group>";
		};
		29A616901C2AE3560096527D /* LaunchScreen.xib */ = {
			isa = PBXVariantGroup;
			children = (
				29A616911C2AE3560096527D /* Base */,
			);
			name = LaunchScreen.xib;
			sourceTree = "<group>";
		};
/* End PBXVariantGroup section */

/* Begin XCBuildConfiguration section */
		29A6169F1C2AE3560096527D /* Debug */ = {
			isa = XCBuildConfiguration;
			buildSettings = {
				ALWAYS_SEARCH_USER_PATHS = NO;
				CLANG_CXX_LANGUAGE_STANDARD = "gnu++0x";
				CLANG_CXX_LIBRARY = "libc++";
				CLANG_ENABLE_MODULES = YES;
				CLANG_ENABLE_OBJC_ARC = YES;
				CLANG_WARN_BOOL_CONVERSION = YES;
				CLANG_WARN_CONSTANT_CONVERSION = YES;
				CLANG_WARN_DIRECT_OBJC_ISA_USAGE = YES_ERROR;
				CLANG_WARN_EMPTY_BODY = YES;
				CLANG_WARN_ENUM_CONVERSION = YES;
				CLANG_WARN_INT_CONVERSION = YES;
				CLANG_WARN_OBJC_ROOT_CLASS = YES_ERROR;
				CLANG_WARN_UNREACHABLE_CODE = YES;
				CLANG_WARN__DUPLICATE_METHOD_MATCH = YES;
				"CODE_SIGN_IDENTITY[sdk=iphoneos*]" = "iPhone Developer";
				COPY_PHASE_STRIP = NO;
				ENABLE_STRICT_OBJC_MSGSEND = YES;
				GCC_C_LANGUAGE_STANDARD = gnu99;
				GCC_DYNAMIC_NO_PIC = NO;
				GCC_OPTIMIZATION_LEVEL = 0;
				GCC_PREPROCESSOR_DEFINITIONS = (
					"DEBUG=1",
					"$(inherited)",
				);
				GCC_SYMBOLS_PRIVATE_EXTERN = NO;
				GCC_WARN_64_TO_32_BIT_CONVERSION = YES;
				GCC_WARN_ABOUT_RETURN_TYPE = YES_ERROR;
				GCC_WARN_UNDECLARED_SELECTOR = YES;
				GCC_WARN_UNINITIALIZED_AUTOS = YES_AGGRESSIVE;
				GCC_WARN_UNUSED_FUNCTION = YES;
				GCC_WARN_UNUSED_VARIABLE = YES;
				IPHONEOS_DEPLOYMENT_TARGET = 8.1;
				MTL_ENABLE_DEBUG_INFO = YES;
				ONLY_ACTIVE_ARCH = YES;
				SDKROOT = iphoneos;
			};
			name = Debug;
		};
		29A616A01C2AE3560096527D /* Release */ = {
			isa = XCBuildConfiguration;
			buildSettings = {
				ALWAYS_SEARCH_USER_PATHS = NO;
				CLANG_CXX_LANGUAGE_STANDARD = "gnu++0x";
				CLANG_CXX_LIBRARY = "libc++";
				CLANG_ENABLE_MODULES = YES;
				CLANG_ENABLE_OBJC_ARC = YES;
				CLANG_WARN_BOOL_CONVERSION = YES;
				CLANG_WARN_CONSTANT_CONVERSION = YES;
				CLANG_WARN_DIRECT_OBJC_ISA_USAGE = YES_ERROR;
				CLANG_WARN_EMPTY_BODY = YES;
				CLANG_WARN_ENUM_CONVERSION = YES;
				CLANG_WARN_INT_CONVERSION = YES;
				CLANG_WARN_OBJC_ROOT_CLASS = YES_ERROR;
				CLANG_WARN_UNREACHABLE_CODE = YES;
				CLANG_WARN__DUPLICATE_METHOD_MATCH = YES;
				"CODE_SIGN_IDENTITY[sdk=iphoneos*]" = "iPhone Developer";
				COPY_PHASE_STRIP = YES;
				ENABLE_NS_ASSERTIONS = NO;
				ENABLE_STRICT_OBJC_MSGSEND = YES;
				GCC_C_LANGUAGE_STANDARD = gnu99;
				GCC_WARN_64_TO_32_BIT_CONVERSION = YES;
				GCC_WARN_ABOUT_RETURN_TYPE = YES_ERROR;
				GCC_WARN_UNDECLARED_SELECTOR = YES;
				GCC_WARN_UNINITIALIZED_AUTOS = YES_AGGRESSIVE;
				GCC_WARN_UNUSED_FUNCTION = YES;
				GCC_WARN_UNUSED_VARIABLE = YES;
				IPHONEOS_DEPLOYMENT_TARGET = 8.1;
				MTL_ENABLE_DEBUG_INFO = NO;
				SDKROOT = iphoneos;
				VALIDATE_PRODUCT = YES;
			};
			name = Release;
		};
		29A616A21C2AE3560096527D /* Debug */ = {
			isa = XCBuildConfiguration;
			buildSettings = {
				ASSETCATALOG_COMPILER_APPICON_NAME = AppIcon;
				INFOPLIST_FILE = Storyboard/Info.plist;
				LD_RUNPATH_SEARCH_PATHS = "$(inherited) @executable_path/Frameworks";
				PRODUCT_NAME = "$(TARGET_NAME)";
			};
			name = Debug;
		};
		29A616A31C2AE3560096527D /* Release */ = {
			isa = XCBuildConfiguration;
			buildSettings = {
				ASSETCATALOG_COMPILER_APPICON_NAME = AppIcon;
				INFOPLIST_FILE = Storyboard/Info.plist;
				LD_RUNPATH_SEARCH_PATHS = "$(inherited) @executable_path/Frameworks";
				PRODUCT_NAME = "$(TARGET_NAME)";
			};
			name = Release;
		};
		29A616A51C2AE3560096527D /* Debug */ = {
			isa = XCBuildConfiguration;
			buildSettings = {
				BUNDLE_LOADER = "$(TEST_HOST)";
				FRAMEWORK_SEARCH_PATHS = (
					"$(SDKROOT)/Developer/Library/Frameworks",
					"$(inherited)",
				);
				GCC_PREPROCESSOR_DEFINITIONS = (
					"DEBUG=1",
					"$(inherited)",
				);
				INFOPLIST_FILE = StoryboardTests/Info.plist;
				LD_RUNPATH_SEARCH_PATHS = "$(inherited) @executable_path/Frameworks @loader_path/Frameworks";
				PRODUCT_NAME = "$(TARGET_NAME)";
				TEST_HOST = "$(BUILT_PRODUCTS_DIR)/Storyboard.app/Storyboard";
			};
			name = Debug;
		};
		29A616A61C2AE3560096527D /* Release */ = {
			isa = XCBuildConfiguration;
			buildSettings = {
				BUNDLE_LOADER = "$(TEST_HOST)";
				FRAMEWORK_SEARCH_PATHS = (
					"$(SDKROOT)/Developer/Library/Frameworks",
					"$(inherited)",
				);
				INFOPLIST_FILE = StoryboardTests/Info.plist;
				LD_RUNPATH_SEARCH_PATHS = "$(inherited) @executable_path/Frameworks @loader_path/Frameworks";
				PRODUCT_NAME = "$(TARGET_NAME)";
				TEST_HOST = "$(BUILT_PRODUCTS_DIR)/Storyboard.app/Storyboard";
			};
			name = Release;
		};
/* End XCBuildConfiguration section */

/* Begin XCConfigurationList section */
		29A616791C2AE3560096527D /* Build configuration list for PBXProject "Storyboard" */ = {
			isa = XCConfigurationList;
			buildConfigurations = (
				29A6169F1C2AE3560096527D /* Debug */,
				29A616A01C2AE3560096527D /* Release */,
			);
			defaultConfigurationIsVisible = 0;
			defaultConfigurationName = Release;
		};
		29A616A11C2AE3560096527D /* Build configuration list for PBXNativeTarget "Storyboard" */ = {
			isa = XCConfigurationList;
			buildConfigurations = (
				29A616A21C2AE3560096527D /* Debug */,
				29A616A31C2AE3560096527D /* Release */,
			);
			defaultConfigurationIsVisible = 0;
		};
		29A616A41C2AE3560096527D /* Build configuration list for PBXNativeTarget "StoryboardTests" */ = {
			isa = XCConfigurationList;
			buildConfigurations = (
				29A616A51C2AE3560096527D /* Debug */,
				29A616A61C2AE3560096527D /* Release */,
			);
			defaultConfigurationIsVisible = 0;
		};
/* End XCConfigurationList section */
	};
	rootObject = 29A616761C2AE3560096527D /* Project object */;
}
